// !$*UTF8*$!
{
	archiveVersion = 1;
	classes = {
	};
	objectVersion = 56;
	objects = {

/* Begin PBXBuildFile section */
		7A10DBB82AB498A50022802E /* Movie_AppApp.swift in Sources */ = {isa = PBXBuildFile; fileRef = 7A10DBB72AB498A50022802E /* Movie_AppApp.swift */; };
		7A10DBBA2AB498A50022802E /* ContentView.swift in Sources */ = {isa = PBXBuildFile; fileRef = 7A10DBB92AB498A50022802E /* ContentView.swift */; };
		7A10DBBC2AB498A70022802E /* Assets.xcassets in Resources */ = {isa = PBXBuildFile; fileRef = 7A10DBBB2AB498A70022802E /* Assets.xcassets */; };
		7A10DBBF2AB498A70022802E /* Preview Assets.xcassets in Resources */ = {isa = PBXBuildFile; fileRef = 7A10DBBE2AB498A70022802E /* Preview Assets.xcassets */; };
		7A10DBC42AB498A70022802E /* Movie_App.xcdatamodeld in Sources */ = {isa = PBXBuildFile; fileRef = 7A10DBC22AB498A70022802E /* Movie_App.xcdatamodeld */; };
		7A10DBD82AB498A70022802E /* Movie_AppUITests.swift in Sources */ = {isa = PBXBuildFile; fileRef = 7A10DBD72AB498A70022802E /* Movie_AppUITests.swift */; };
		7A10DBDA2AB498A70022802E /* Movie_AppUITestsLaunchTests.swift in Sources */ = {isa = PBXBuildFile; fileRef = 7A10DBD92AB498A70022802E /* Movie_AppUITestsLaunchTests.swift */; };
		7A10DBE92AB4995D0022802E /* Networking.swift in Sources */ = {isa = PBXBuildFile; fileRef = 7A10DBE82AB4995D0022802E /* Networking.swift */; };
		7A10DBEB2AB4A01B0022802E /* NetworkingTest.swift in Sources */ = {isa = PBXBuildFile; fileRef = 7A10DBEA2AB4A01B0022802E /* NetworkingTest.swift */; };
		7A10DBFA2AB4A6D20022802E /* MovieScreen.swift in Sources */ = {isa = PBXBuildFile; fileRef = 7A10DBF92AB4A6D20022802E /* MovieScreen.swift */; };
		7A10DBFD2AB4A7BF0022802E /* MovieRowView.swift in Sources */ = {isa = PBXBuildFile; fileRef = 7A10DBFC2AB4A7BF0022802E /* MovieRowView.swift */; };
		7A10DBFF2AB4AA5D0022802E /* Movie.swift in Sources */ = {isa = PBXBuildFile; fileRef = 7A10DBFE2AB4AA5D0022802E /* Movie.swift */; };
		7A10DC052AB4B08F0022802E /* MovieDetailScreen.swift in Sources */ = {isa = PBXBuildFile; fileRef = 7A10DC042AB4B08F0022802E /* MovieDetailScreen.swift */; };
		7A2423262AB5AE96005DA640 /* SearchScreen.swift in Sources */ = {isa = PBXBuildFile; fileRef = 7A2423252AB5AE96005DA640 /* SearchScreen.swift */; };
		7A24232A2AB5AEC4005DA640 /* MovieListView.swift in Sources */ = {isa = PBXBuildFile; fileRef = 7A2423292AB5AEC4005DA640 /* MovieListView.swift */; };
		7A24232C2AB5B223005DA640 /* FavoritesScreen.swift in Sources */ = {isa = PBXBuildFile; fileRef = 7A24232B2AB5B223005DA640 /* FavoritesScreen.swift */; };
		7A24232E2AB5B3BE005DA640 /* AlertSavedStatusBottomSheet.swift in Sources */ = {isa = PBXBuildFile; fileRef = 7A24232D2AB5B3BE005DA640 /* AlertSavedStatusBottomSheet.swift */; };
		7A57198F2AB613EC00946A85 /* MovieListViewModel.swift in Sources */ = {isa = PBXBuildFile; fileRef = 7A57198E2AB613EC00946A85 /* MovieListViewModel.swift */; };
		7A5719912AB613F500946A85 /* MovieViewModel.swift in Sources */ = {isa = PBXBuildFile; fileRef = 7A5719902AB613F500946A85 /* MovieViewModel.swift */; };
		7A5719932AB6140C00946A85 /* SearchViewModel.swift in Sources */ = {isa = PBXBuildFile; fileRef = 7A5719922AB6140C00946A85 /* SearchViewModel.swift */; };
		7A5719952AB6141500946A85 /* FavoritesViewModel.swift in Sources */ = {isa = PBXBuildFile; fileRef = 7A5719942AB6141500946A85 /* FavoritesViewModel.swift */; };
		7A5719972AB614EE00946A85 /* BaseViewModel.swift in Sources */ = {isa = PBXBuildFile; fileRef = 7A5719962AB614EE00946A85 /* BaseViewModel.swift */; };
		7A7881F52AB6F05100E42FB2 /* MovieViewModelTest.swift in Sources */ = {isa = PBXBuildFile; fileRef = 7A7881F42AB6F05100E42FB2 /* MovieViewModelTest.swift */; };
		7A7881F72AB6F82100E42FB2 /* MovieListViewModelTest.swift in Sources */ = {isa = PBXBuildFile; fileRef = 7A7881F62AB6F82100E42FB2 /* MovieListViewModelTest.swift */; };
		7A7881F92AB6FA3700E42FB2 /* MockFetcher.swift in Sources */ = {isa = PBXBuildFile; fileRef = 7A7881F82AB6FA3700E42FB2 /* MockFetcher.swift */; };
		7A7C6FF72AB7025F007B1258 /* SearchViewModelTest.swift in Sources */ = {isa = PBXBuildFile; fileRef = 7A7C6FF62AB7025F007B1258 /* SearchViewModelTest.swift */; };
		7A7C6FF92AB70363007B1258 /* FavoriteViewModelTest.swift in Sources */ = {isa = PBXBuildFile; fileRef = 7A7C6FF82AB70363007B1258 /* FavoriteViewModelTest.swift */; };
		7A954FE72AB69BD800504928 /* CoreDataManager.swift in Sources */ = {isa = PBXBuildFile; fileRef = 7A954FE62AB69BD800504928 /* CoreDataManager.swift */; };
/* End PBXBuildFile section */

/* Begin PBXContainerItemProxy section */
		7A10DBCA2AB498A70022802E /* PBXContainerItemProxy */ = {
			isa = PBXContainerItemProxy;
			containerPortal = 7A10DBAC2AB498A50022802E /* Project object */;
			proxyType = 1;
			remoteGlobalIDString = 7A10DBB32AB498A50022802E;
			remoteInfo = "Movie-App";
		};
		7A10DBD42AB498A70022802E /* PBXContainerItemProxy */ = {
			isa = PBXContainerItemProxy;
			containerPortal = 7A10DBAC2AB498A50022802E /* Project object */;
			proxyType = 1;
			remoteGlobalIDString = 7A10DBB32AB498A50022802E;
			remoteInfo = "Movie-App";
		};
/* End PBXContainerItemProxy section */

/* Begin PBXFileReference section */
		7A10DBB42AB498A50022802E /* Movie-App.app */ = {isa = PBXFileReference; explicitFileType = wrapper.application; includeInIndex = 0; path = "Movie-App.app"; sourceTree = BUILT_PRODUCTS_DIR; };
		7A10DBB72AB498A50022802E /* Movie_AppApp.swift */ = {isa = PBXFileReference; lastKnownFileType = sourcecode.swift; path = Movie_AppApp.swift; sourceTree = "<group>"; };
		7A10DBB92AB498A50022802E /* ContentView.swift */ = {isa = PBXFileReference; lastKnownFileType = sourcecode.swift; path = ContentView.swift; sourceTree = "<group>"; };
		7A10DBBB2AB498A70022802E /* Assets.xcassets */ = {isa = PBXFileReference; lastKnownFileType = folder.assetcatalog; path = Assets.xcassets; sourceTree = "<group>"; };
		7A10DBBE2AB498A70022802E /* Preview Assets.xcassets */ = {isa = PBXFileReference; lastKnownFileType = folder.assetcatalog; path = "Preview Assets.xcassets"; sourceTree = "<group>"; };
		7A10DBC32AB498A70022802E /* Movie_App.xcdatamodel */ = {isa = PBXFileReference; lastKnownFileType = wrapper.xcdatamodel; path = Movie_App.xcdatamodel; sourceTree = "<group>"; };
		7A10DBC92AB498A70022802E /* Movie-AppTests.xctest */ = {isa = PBXFileReference; explicitFileType = wrapper.cfbundle; includeInIndex = 0; path = "Movie-AppTests.xctest"; sourceTree = BUILT_PRODUCTS_DIR; };
		7A10DBD32AB498A70022802E /* Movie-AppUITests.xctest */ = {isa = PBXFileReference; explicitFileType = wrapper.cfbundle; includeInIndex = 0; path = "Movie-AppUITests.xctest"; sourceTree = BUILT_PRODUCTS_DIR; };
		7A10DBD72AB498A70022802E /* Movie_AppUITests.swift */ = {isa = PBXFileReference; lastKnownFileType = sourcecode.swift; path = Movie_AppUITests.swift; sourceTree = "<group>"; };
		7A10DBD92AB498A70022802E /* Movie_AppUITestsLaunchTests.swift */ = {isa = PBXFileReference; lastKnownFileType = sourcecode.swift; path = Movie_AppUITestsLaunchTests.swift; sourceTree = "<group>"; };
		7A10DBE82AB4995D0022802E /* Networking.swift */ = {isa = PBXFileReference; lastKnownFileType = sourcecode.swift; path = Networking.swift; sourceTree = "<group>"; };
		7A10DBEA2AB4A01B0022802E /* NetworkingTest.swift */ = {isa = PBXFileReference; lastKnownFileType = sourcecode.swift; path = NetworkingTest.swift; sourceTree = "<group>"; };
		7A10DBF92AB4A6D20022802E /* MovieScreen.swift */ = {isa = PBXFileReference; lastKnownFileType = sourcecode.swift; path = MovieScreen.swift; sourceTree = "<group>"; };
		7A10DBFC2AB4A7BF0022802E /* MovieRowView.swift */ = {isa = PBXFileReference; lastKnownFileType = sourcecode.swift; path = MovieRowView.swift; sourceTree = "<group>"; };
		7A10DBFE2AB4AA5D0022802E /* Movie.swift */ = {isa = PBXFileReference; lastKnownFileType = sourcecode.swift; path = Movie.swift; sourceTree = "<group>"; };
		7A10DC042AB4B08F0022802E /* MovieDetailScreen.swift */ = {isa = PBXFileReference; lastKnownFileType = sourcecode.swift; path = MovieDetailScreen.swift; sourceTree = "<group>"; };
		7A2423252AB5AE96005DA640 /* SearchScreen.swift */ = {isa = PBXFileReference; lastKnownFileType = sourcecode.swift; path = SearchScreen.swift; sourceTree = "<group>"; };
		7A2423292AB5AEC4005DA640 /* MovieListView.swift */ = {isa = PBXFileReference; lastKnownFileType = sourcecode.swift; path = MovieListView.swift; sourceTree = "<group>"; };
		7A24232B2AB5B223005DA640 /* FavoritesScreen.swift */ = {isa = PBXFileReference; lastKnownFileType = sourcecode.swift; path = FavoritesScreen.swift; sourceTree = "<group>"; };
		7A24232D2AB5B3BE005DA640 /* AlertSavedStatusBottomSheet.swift */ = {isa = PBXFileReference; lastKnownFileType = sourcecode.swift; path = AlertSavedStatusBottomSheet.swift; sourceTree = "<group>"; };
		7A57198E2AB613EC00946A85 /* MovieListViewModel.swift */ = {isa = PBXFileReference; lastKnownFileType = sourcecode.swift; path = MovieListViewModel.swift; sourceTree = "<group>"; };
		7A5719902AB613F500946A85 /* MovieViewModel.swift */ = {isa = PBXFileReference; lastKnownFileType = sourcecode.swift; path = MovieViewModel.swift; sourceTree = "<group>"; };
		7A5719922AB6140C00946A85 /* SearchViewModel.swift */ = {isa = PBXFileReference; lastKnownFileType = sourcecode.swift; path = SearchViewModel.swift; sourceTree = "<group>"; };
		7A5719942AB6141500946A85 /* FavoritesViewModel.swift */ = {isa = PBXFileReference; lastKnownFileType = sourcecode.swift; path = FavoritesViewModel.swift; sourceTree = "<group>"; };
		7A5719962AB614EE00946A85 /* BaseViewModel.swift */ = {isa = PBXFileReference; lastKnownFileType = sourcecode.swift; path = BaseViewModel.swift; sourceTree = "<group>"; };
		7A7881F42AB6F05100E42FB2 /* MovieViewModelTest.swift */ = {isa = PBXFileReference; lastKnownFileType = sourcecode.swift; path = MovieViewModelTest.swift; sourceTree = "<group>"; };
		7A7881F62AB6F82100E42FB2 /* MovieListViewModelTest.swift */ = {isa = PBXFileReference; lastKnownFileType = sourcecode.swift; path = MovieListViewModelTest.swift; sourceTree = "<group>"; };
		7A7881F82AB6FA3700E42FB2 /* MockFetcher.swift */ = {isa = PBXFileReference; lastKnownFileType = sourcecode.swift; path = MockFetcher.swift; sourceTree = "<group>"; };
		7A7C6FF62AB7025F007B1258 /* SearchViewModelTest.swift */ = {isa = PBXFileReference; lastKnownFileType = sourcecode.swift; path = SearchViewModelTest.swift; sourceTree = "<group>"; };
		7A7C6FF82AB70363007B1258 /* FavoriteViewModelTest.swift */ = {isa = PBXFileReference; lastKnownFileType = sourcecode.swift; path = FavoriteViewModelTest.swift; sourceTree = "<group>"; };
		7A94CDA22AB707EB00F68E75 /* Movie-App.xctestplan */ = {isa = PBXFileReference; lastKnownFileType = text; path = "Movie-App.xctestplan"; sourceTree = "<group>"; };
		7A94CDA32AB7086500F68E75 /* README.md */ = {isa = PBXFileReference; lastKnownFileType = net.daringfireball.markdown; path = README.md; sourceTree = "<group>"; };
		7A954FE62AB69BD800504928 /* CoreDataManager.swift */ = {isa = PBXFileReference; lastKnownFileType = sourcecode.swift; path = CoreDataManager.swift; sourceTree = "<group>"; };
/* End PBXFileReference section */

/* Begin PBXFrameworksBuildPhase section */
		7A10DBB12AB498A50022802E /* Frameworks */ = {
			isa = PBXFrameworksBuildPhase;
			buildActionMask = 2147483647;
			files = (
			);
			runOnlyForDeploymentPostprocessing = 0;
		};
		7A10DBC62AB498A70022802E /* Frameworks */ = {
			isa = PBXFrameworksBuildPhase;
			buildActionMask = 2147483647;
			files = (
			);
			runOnlyForDeploymentPostprocessing = 0;
		};
		7A10DBD02AB498A70022802E /* Frameworks */ = {
			isa = PBXFrameworksBuildPhase;
			buildActionMask = 2147483647;
			files = (
			);
			runOnlyForDeploymentPostprocessing = 0;
		};
/* End PBXFrameworksBuildPhase section */

/* Begin PBXGroup section */
		7A10DBAB2AB498A50022802E = {
			isa = PBXGroup;
			children = (
				7A94CDA22AB707EB00F68E75 /* Movie-App.xctestplan */,
				7A94CDA32AB7086500F68E75 /* README.md */,
				7A10DBB62AB498A50022802E /* Movie-App */,
				7A10DBCC2AB498A70022802E /* Movie-AppTests */,
				7A10DBD62AB498A70022802E /* Movie-AppUITests */,
				7A10DBB52AB498A50022802E /* Products */,
			);
			sourceTree = "<group>";
		};
		7A10DBB52AB498A50022802E /* Products */ = {
			isa = PBXGroup;
			children = (
				7A10DBB42AB498A50022802E /* Movie-App.app */,
				7A10DBC92AB498A70022802E /* Movie-AppTests.xctest */,
				7A10DBD32AB498A70022802E /* Movie-AppUITests.xctest */,
			);
			name = Products;
			sourceTree = "<group>";
		};
		7A10DBB62AB498A50022802E /* Movie-App */ = {
			isa = PBXGroup;
			children = (
				7A10DBB72AB498A50022802E /* Movie_AppApp.swift */,
				7A10DBF02AB4A56E0022802E /* Resource */,
				7A10DBEE2AB4A55F0022802E /* Model */,
				7A57198D2AB6106100946A85 /* ViewModel */,
				7A10DBEF2AB4A5680022802E /* View */,
				7A10DBBB2AB498A70022802E /* Assets.xcassets */,
				7A10DBC22AB498A70022802E /* Movie_App.xcdatamodeld */,
				7A10DBBD2AB498A70022802E /* Preview Content */,
			);
			path = "Movie-App";
			sourceTree = "<group>";
		};
		7A10DBBD2AB498A70022802E /* Preview Content */ = {
			isa = PBXGroup;
			children = (
				7A10DBBE2AB498A70022802E /* Preview Assets.xcassets */,
			);
			path = "Preview Content";
			sourceTree = "<group>";
		};
		7A10DBCC2AB498A70022802E /* Movie-AppTests */ = {
			isa = PBXGroup;
			children = (
				7A10DBEA2AB4A01B0022802E /* NetworkingTest.swift */,
				7A7881F82AB6FA3700E42FB2 /* MockFetcher.swift */,
				7A7881F42AB6F05100E42FB2 /* MovieViewModelTest.swift */,
				7A7881F62AB6F82100E42FB2 /* MovieListViewModelTest.swift */,
				7A7C6FF62AB7025F007B1258 /* SearchViewModelTest.swift */,
				7A7C6FF82AB70363007B1258 /* FavoriteViewModelTest.swift */,
			);
			path = "Movie-AppTests";
			sourceTree = "<group>";
		};
		7A10DBD62AB498A70022802E /* Movie-AppUITests */ = {
			isa = PBXGroup;
			children = (
				7A10DBD72AB498A70022802E /* Movie_AppUITests.swift */,
				7A10DBD92AB498A70022802E /* Movie_AppUITestsLaunchTests.swift */,
			);
			path = "Movie-AppUITests";
			sourceTree = "<group>";
		};
		7A10DBEE2AB4A55F0022802E /* Model */ = {
			isa = PBXGroup;
			children = (
				7A10DBFE2AB4AA5D0022802E /* Movie.swift */,
			);
			path = Model;
			sourceTree = "<group>";
		};
		7A10DBEF2AB4A5680022802E /* View */ = {
			isa = PBXGroup;
			children = (
				7A10DBB92AB498A50022802E /* ContentView.swift */,
				7A10DBFB2AB4A7A60022802E /* Movie */,
				7A2423252AB5AE96005DA640 /* SearchScreen.swift */,
				7A24232B2AB5B223005DA640 /* FavoritesScreen.swift */,
				7A24232D2AB5B3BE005DA640 /* AlertSavedStatusBottomSheet.swift */,
			);
			path = View;
			sourceTree = "<group>";
		};
		7A10DBF02AB4A56E0022802E /* Resource */ = {
			isa = PBXGroup;
			children = (
				7A10DBE82AB4995D0022802E /* Networking.swift */,
				7A954FE62AB69BD800504928 /* CoreDataManager.swift */,
			);
			path = Resource;
			sourceTree = "<group>";
		};
		7A10DBFB2AB4A7A60022802E /* Movie */ = {
			isa = PBXGroup;
			children = (
				7A10DBF92AB4A6D20022802E /* MovieScreen.swift */,
				7A2423292AB5AEC4005DA640 /* MovieListView.swift */,
				7A10DC042AB4B08F0022802E /* MovieDetailScreen.swift */,
				7A10DBFC2AB4A7BF0022802E /* MovieRowView.swift */,
			);
			path = Movie;
			sourceTree = "<group>";
		};
		7A57198D2AB6106100946A85 /* ViewModel */ = {
			isa = PBXGroup;
			children = (
				7A5719962AB614EE00946A85 /* BaseViewModel.swift */,
				7A5719902AB613F500946A85 /* MovieViewModel.swift */,
				7A57198E2AB613EC00946A85 /* MovieListViewModel.swift */,
				7A5719922AB6140C00946A85 /* SearchViewModel.swift */,
				7A5719942AB6141500946A85 /* FavoritesViewModel.swift */,
			);
			path = ViewModel;
			sourceTree = "<group>";
		};
/* End PBXGroup section */

/* Begin PBXNativeTarget section */
		7A10DBB32AB498A50022802E /* Movie-App */ = {
			isa = PBXNativeTarget;
			buildConfigurationList = 7A10DBDD2AB498A70022802E /* Build configuration list for PBXNativeTarget "Movie-App" */;
			buildPhases = (
				7A10DBB02AB498A50022802E /* Sources */,
				7A10DBB12AB498A50022802E /* Frameworks */,
				7A10DBB22AB498A50022802E /* Resources */,
			);
			buildRules = (
			);
			dependencies = (
			);
			name = "Movie-App";
			productName = "Movie-App";
			productReference = 7A10DBB42AB498A50022802E /* Movie-App.app */;
			productType = "com.apple.product-type.application";
		};
		7A10DBC82AB498A70022802E /* Movie-AppTests */ = {
			isa = PBXNativeTarget;
			buildConfigurationList = 7A10DBE02AB498A70022802E /* Build configuration list for PBXNativeTarget "Movie-AppTests" */;
			buildPhases = (
				7A10DBC52AB498A70022802E /* Sources */,
				7A10DBC62AB498A70022802E /* Frameworks */,
				7A10DBC72AB498A70022802E /* Resources */,
			);
			buildRules = (
			);
			dependencies = (
				7A10DBCB2AB498A70022802E /* PBXTargetDependency */,
			);
			name = "Movie-AppTests";
			productName = "Movie-AppTests";
			productReference = 7A10DBC92AB498A70022802E /* Movie-AppTests.xctest */;
			productType = "com.apple.product-type.bundle.unit-test";
		};
		7A10DBD22AB498A70022802E /* Movie-AppUITests */ = {
			isa = PBXNativeTarget;
			buildConfigurationList = 7A10DBE32AB498A70022802E /* Build configuration list for PBXNativeTarget "Movie-AppUITests" */;
			buildPhases = (
				7A10DBCF2AB498A70022802E /* Sources */,
				7A10DBD02AB498A70022802E /* Frameworks */,
				7A10DBD12AB498A70022802E /* Resources */,
			);
			buildRules = (
			);
			dependencies = (
				7A10DBD52AB498A70022802E /* PBXTargetDependency */,
			);
			name = "Movie-AppUITests";
			productName = "Movie-AppUITests";
			productReference = 7A10DBD32AB498A70022802E /* Movie-AppUITests.xctest */;
			productType = "com.apple.product-type.bundle.ui-testing";
		};
/* End PBXNativeTarget section */

/* Begin PBXProject section */
		7A10DBAC2AB498A50022802E /* Project object */ = {
			isa = PBXProject;
			attributes = {
				BuildIndependentTargetsInParallel = 1;
				LastSwiftUpdateCheck = 1430;
				LastUpgradeCheck = 1430;
				TargetAttributes = {
					7A10DBB32AB498A50022802E = {
						CreatedOnToolsVersion = 14.3.1;
					};
					7A10DBC82AB498A70022802E = {
						CreatedOnToolsVersion = 14.3.1;
						TestTargetID = 7A10DBB32AB498A50022802E;
					};
					7A10DBD22AB498A70022802E = {
						CreatedOnToolsVersion = 14.3.1;
						TestTargetID = 7A10DBB32AB498A50022802E;
					};
				};
			};
			buildConfigurationList = 7A10DBAF2AB498A50022802E /* Build configuration list for PBXProject "Movie-App" */;
			compatibilityVersion = "Xcode 14.0";
			developmentRegion = en;
			hasScannedForEncodings = 0;
			knownRegions = (
				en,
				Base,
			);
			mainGroup = 7A10DBAB2AB498A50022802E;
			productRefGroup = 7A10DBB52AB498A50022802E /* Products */;
			projectDirPath = "";
			projectRoot = "";
			targets = (
				7A10DBB32AB498A50022802E /* Movie-App */,
				7A10DBC82AB498A70022802E /* Movie-AppTests */,
				7A10DBD22AB498A70022802E /* Movie-AppUITests */,
			);
		};
/* End PBXProject section */

/* Begin PBXResourcesBuildPhase section */
		7A10DBB22AB498A50022802E /* Resources */ = {
			isa = PBXResourcesBuildPhase;
			buildActionMask = 2147483647;
			files = (
				7A10DBBF2AB498A70022802E /* Preview Assets.xcassets in Resources */,
				7A10DBBC2AB498A70022802E /* Assets.xcassets in Resources */,
			);
			runOnlyForDeploymentPostprocessing = 0;
		};
		7A10DBC72AB498A70022802E /* Resources */ = {
			isa = PBXResourcesBuildPhase;
			buildActionMask = 2147483647;
			files = (
			);
			runOnlyForDeploymentPostprocessing = 0;
		};
		7A10DBD12AB498A70022802E /* Resources */ = {
			isa = PBXResourcesBuildPhase;
			buildActionMask = 2147483647;
			files = (
			);
			runOnlyForDeploymentPostprocessing = 0;
		};
/* End PBXResourcesBuildPhase section */

/* Begin PBXSourcesBuildPhase section */
		7A10DBB02AB498A50022802E /* Sources */ = {
			isa = PBXSourcesBuildPhase;
			buildActionMask = 2147483647;
			files = (
				7A10DBFF2AB4AA5D0022802E /* Movie.swift in Sources */,
				7A5719972AB614EE00946A85 /* BaseViewModel.swift in Sources */,
				7A10DBFA2AB4A6D20022802E /* MovieScreen.swift in Sources */,
				7A10DC052AB4B08F0022802E /* MovieDetailScreen.swift in Sources */,
				7A10DBFD2AB4A7BF0022802E /* MovieRowView.swift in Sources */,
				7A24232E2AB5B3BE005DA640 /* AlertSavedStatusBottomSheet.swift in Sources */,
				7A5719932AB6140C00946A85 /* SearchViewModel.swift in Sources */,
				7A10DBBA2AB498A50022802E /* ContentView.swift in Sources */,
				7A10DBE92AB4995D0022802E /* Networking.swift in Sources */,
				7A954FE72AB69BD800504928 /* CoreDataManager.swift in Sources */,
				7A10DBC42AB498A70022802E /* Movie_App.xcdatamodeld in Sources */,
				7A57198F2AB613EC00946A85 /* MovieListViewModel.swift in Sources */,
				7A24232A2AB5AEC4005DA640 /* MovieListView.swift in Sources */,
				7A24232C2AB5B223005DA640 /* FavoritesScreen.swift in Sources */,
				7A10DBB82AB498A50022802E /* Movie_AppApp.swift in Sources */,
				7A5719912AB613F500946A85 /* MovieViewModel.swift in Sources */,
				7A2423262AB5AE96005DA640 /* SearchScreen.swift in Sources */,
				7A5719952AB6141500946A85 /* FavoritesViewModel.swift in Sources */,
			);
			runOnlyForDeploymentPostprocessing = 0;
		};
		7A10DBC52AB498A70022802E /* Sources */ = {
			isa = PBXSourcesBuildPhase;
			buildActionMask = 2147483647;
			files = (
				7A10DBEB2AB4A01B0022802E /* NetworkingTest.swift in Sources */,
				7A7C6FF72AB7025F007B1258 /* SearchViewModelTest.swift in Sources */,
				7A7881F52AB6F05100E42FB2 /* MovieViewModelTest.swift in Sources */,
				7A7881F92AB6FA3700E42FB2 /* MockFetcher.swift in Sources */,
				7A7C6FF92AB70363007B1258 /* FavoriteViewModelTest.swift in Sources */,
				7A7881F72AB6F82100E42FB2 /* MovieListViewModelTest.swift in Sources */,
			);
			runOnlyForDeploymentPostprocessing = 0;
		};
		7A10DBCF2AB498A70022802E /* Sources */ = {
			isa = PBXSourcesBuildPhase;
			buildActionMask = 2147483647;
			files = (
				7A10DBD82AB498A70022802E /* Movie_AppUITests.swift in Sources */,
				7A10DBDA2AB498A70022802E /* Movie_AppUITestsLaunchTests.swift in Sources */,
			);
			runOnlyForDeploymentPostprocessing = 0;
		};
/* End PBXSourcesBuildPhase section */

/* Begin PBXTargetDependency section */
		7A10DBCB2AB498A70022802E /* PBXTargetDependency */ = {
			isa = PBXTargetDependency;
			target = 7A10DBB32AB498A50022802E /* Movie-App */;
			targetProxy = 7A10DBCA2AB498A70022802E /* PBXContainerItemProxy */;
		};
		7A10DBD52AB498A70022802E /* PBXTargetDependency */ = {
			isa = PBXTargetDependency;
			target = 7A10DBB32AB498A50022802E /* Movie-App */;
			targetProxy = 7A10DBD42AB498A70022802E /* PBXContainerItemProxy */;
		};
/* End PBXTargetDependency section */

/* Begin XCBuildConfiguration section */
		7A10DBDB2AB498A70022802E /* Debug */ = {
			isa = XCBuildConfiguration;
			buildSettings = {
				ALWAYS_SEARCH_USER_PATHS = NO;
				CLANG_ANALYZER_NONNULL = YES;
				CLANG_ANALYZER_NUMBER_OBJECT_CONVERSION = YES_AGGRESSIVE;
				CLANG_CXX_LANGUAGE_STANDARD = "gnu++20";
				CLANG_ENABLE_MODULES = YES;
				CLANG_ENABLE_OBJC_ARC = YES;
				CLANG_ENABLE_OBJC_WEAK = YES;
				CLANG_WARN_BLOCK_CAPTURE_AUTORELEASING = YES;
				CLANG_WARN_BOOL_CONVERSION = YES;
				CLANG_WARN_COMMA = YES;
				CLANG_WARN_CONSTANT_CONVERSION = YES;
				CLANG_WARN_DEPRECATED_OBJC_IMPLEMENTATIONS = YES;
				CLANG_WARN_DIRECT_OBJC_ISA_USAGE = YES_ERROR;
				CLANG_WARN_DOCUMENTATION_COMMENTS = YES;
				CLANG_WARN_EMPTY_BODY = YES;
				CLANG_WARN_ENUM_CONVERSION = YES;
				CLANG_WARN_INFINITE_RECURSION = YES;
				CLANG_WARN_INT_CONVERSION = YES;
				CLANG_WARN_NON_LITERAL_NULL_CONVERSION = YES;
				CLANG_WARN_OBJC_IMPLICIT_RETAIN_SELF = YES;
				CLANG_WARN_OBJC_LITERAL_CONVERSION = YES;
				CLANG_WARN_OBJC_ROOT_CLASS = YES_ERROR;
				CLANG_WARN_QUOTED_INCLUDE_IN_FRAMEWORK_HEADER = YES;
				CLANG_WARN_RANGE_LOOP_ANALYSIS = YES;
				CLANG_WARN_STRICT_PROTOTYPES = YES;
				CLANG_WARN_SUSPICIOUS_MOVE = YES;
				CLANG_WARN_UNGUARDED_AVAILABILITY = YES_AGGRESSIVE;
				CLANG_WARN_UNREACHABLE_CODE = YES;
				CLANG_WARN__DUPLICATE_METHOD_MATCH = YES;
				COPY_PHASE_STRIP = NO;
				DEBUG_INFORMATION_FORMAT = dwarf;
				ENABLE_STRICT_OBJC_MSGSEND = YES;
				ENABLE_TESTABILITY = YES;
				GCC_C_LANGUAGE_STANDARD = gnu11;
				GCC_DYNAMIC_NO_PIC = NO;
				GCC_NO_COMMON_BLOCKS = YES;
				GCC_OPTIMIZATION_LEVEL = 0;
				GCC_PREPROCESSOR_DEFINITIONS = (
					"DEBUG=1",
					"$(inherited)",
				);
				GCC_WARN_64_TO_32_BIT_CONVERSION = YES;
				GCC_WARN_ABOUT_RETURN_TYPE = YES_ERROR;
				GCC_WARN_UNDECLARED_SELECTOR = YES;
				GCC_WARN_UNINITIALIZED_AUTOS = YES_AGGRESSIVE;
				GCC_WARN_UNUSED_FUNCTION = YES;
				GCC_WARN_UNUSED_VARIABLE = YES;
				IPHONEOS_DEPLOYMENT_TARGET = 16.4;
				MTL_ENABLE_DEBUG_INFO = INCLUDE_SOURCE;
				MTL_FAST_MATH = YES;
				ONLY_ACTIVE_ARCH = YES;
				SDKROOT = iphoneos;
				SWIFT_ACTIVE_COMPILATION_CONDITIONS = DEBUG;
				SWIFT_OPTIMIZATION_LEVEL = "-Onone";
			};
			name = Debug;
		};
		7A10DBDC2AB498A70022802E /* Release */ = {
			isa = XCBuildConfiguration;
			buildSettings = {
				ALWAYS_SEARCH_USER_PATHS = NO;
				CLANG_ANALYZER_NONNULL = YES;
				CLANG_ANALYZER_NUMBER_OBJECT_CONVERSION = YES_AGGRESSIVE;
				CLANG_CXX_LANGUAGE_STANDARD = "gnu++20";
				CLANG_ENABLE_MODULES = YES;
				CLANG_ENABLE_OBJC_ARC = YES;
				CLANG_ENABLE_OBJC_WEAK = YES;
				CLANG_WARN_BLOCK_CAPTURE_AUTORELEASING = YES;
				CLANG_WARN_BOOL_CONVERSION = YES;
				CLANG_WARN_COMMA = YES;
				CLANG_WARN_CONSTANT_CONVERSION = YES;
				CLANG_WARN_DEPRECATED_OBJC_IMPLEMENTATIONS = YES;
				CLANG_WARN_DIRECT_OBJC_ISA_USAGE = YES_ERROR;
				CLANG_WARN_DOCUMENTATION_COMMENTS = YES;
				CLANG_WARN_EMPTY_BODY = YES;
				CLANG_WARN_ENUM_CONVERSION = YES;
				CLANG_WARN_INFINITE_RECURSION = YES;
				CLANG_WARN_INT_CONVERSION = YES;
				CLANG_WARN_NON_LITERAL_NULL_CONVERSION = YES;
				CLANG_WARN_OBJC_IMPLICIT_RETAIN_SELF = YES;
				CLANG_WARN_OBJC_LITERAL_CONVERSION = YES;
				CLANG_WARN_OBJC_ROOT_CLASS = YES_ERROR;
				CLANG_WARN_QUOTED_INCLUDE_IN_FRAMEWORK_HEADER = YES;
				CLANG_WARN_RANGE_LOOP_ANALYSIS = YES;
				CLANG_WARN_STRICT_PROTOTYPES = YES;
				CLANG_WARN_SUSPICIOUS_MOVE = YES;
				CLANG_WARN_UNGUARDED_AVAILABILITY = YES_AGGRESSIVE;
				CLANG_WARN_UNREACHABLE_CODE = YES;
				CLANG_WARN__DUPLICATE_METHOD_MATCH = YES;
				COPY_PHASE_STRIP = NO;
				DEBUG_INFORMATION_FORMAT = "dwarf-with-dsym";
				ENABLE_NS_ASSERTIONS = NO;
				ENABLE_STRICT_OBJC_MSGSEND = YES;
				GCC_C_LANGUAGE_STANDARD = gnu11;
				GCC_NO_COMMON_BLOCKS = YES;
				GCC_WARN_64_TO_32_BIT_CONVERSION = YES;
				GCC_WARN_ABOUT_RETURN_TYPE = YES_ERROR;
				GCC_WARN_UNDECLARED_SELECTOR = YES;
				GCC_WARN_UNINITIALIZED_AUTOS = YES_AGGRESSIVE;
				GCC_WARN_UNUSED_FUNCTION = YES;
				GCC_WARN_UNUSED_VARIABLE = YES;
				IPHONEOS_DEPLOYMENT_TARGET = 16.4;
				MTL_ENABLE_DEBUG_INFO = NO;
				MTL_FAST_MATH = YES;
				SDKROOT = iphoneos;
				SWIFT_COMPILATION_MODE = wholemodule;
				SWIFT_OPTIMIZATION_LEVEL = "-O";
				VALIDATE_PRODUCT = YES;
			};
			name = Release;
		};
		7A10DBDE2AB498A70022802E /* Debug */ = {
			isa = XCBuildConfiguration;
			buildSettings = {
				ASSETCATALOG_COMPILER_APPICON_NAME = AppIcon;
				ASSETCATALOG_COMPILER_GLOBAL_ACCENT_COLOR_NAME = AccentColor;
				CODE_SIGN_STYLE = Automatic;
				CURRENT_PROJECT_VERSION = 1;
				DEVELOPMENT_ASSET_PATHS = "\"Movie-App/Preview Content\"";
				DEVELOPMENT_TEAM = 497N7524MA;
				ENABLE_PREVIEWS = YES;
				GENERATE_INFOPLIST_FILE = YES;
				INFOPLIST_KEY_UIApplicationSceneManifest_Generation = YES;
				INFOPLIST_KEY_UIApplicationSupportsIndirectInputEvents = YES;
				INFOPLIST_KEY_UILaunchScreen_Generation = YES;
				INFOPLIST_KEY_UIStatusBarStyle = UIStatusBarStyleDarkContent;
				INFOPLIST_KEY_UISupportedInterfaceOrientations_iPad = "UIInterfaceOrientationPortrait UIInterfaceOrientationPortraitUpsideDown UIInterfaceOrientationLandscapeLeft UIInterfaceOrientationLandscapeRight";
				INFOPLIST_KEY_UISupportedInterfaceOrientations_iPhone = "UIInterfaceOrientationPortrait UIInterfaceOrientationLandscapeLeft UIInterfaceOrientationLandscapeRight";
				LD_RUNPATH_SEARCH_PATHS = (
					"$(inherited)",
					"@executable_path/Frameworks",
				);
				MARKETING_VERSION = 1.0;
				PRODUCT_BUNDLE_IDENTIFIER = "com.williamsantoso.Movie-App";
				PRODUCT_NAME = "$(TARGET_NAME)";
				SWIFT_EMIT_LOC_STRINGS = YES;
				SWIFT_VERSION = 5.0;
				TARGETED_DEVICE_FAMILY = "1,2";
			};
			name = Debug;
		};
		7A10DBDF2AB498A70022802E /* Release */ = {
			isa = XCBuildConfiguration;
			buildSettings = {
				ASSETCATALOG_COMPILER_APPICON_NAME = AppIcon;
				ASSETCATALOG_COMPILER_GLOBAL_ACCENT_COLOR_NAME = AccentColor;
				CODE_SIGN_STYLE = Automatic;
				CURRENT_PROJECT_VERSION = 1;
				DEVELOPMENT_ASSET_PATHS = "\"Movie-App/Preview Content\"";
				DEVELOPMENT_TEAM = 497N7524MA;
				ENABLE_PREVIEWS = YES;
				GENERATE_INFOPLIST_FILE = YES;
				INFOPLIST_KEY_UIApplicationSceneManifest_Generation = YES;
				INFOPLIST_KEY_UIApplicationSupportsIndirectInputEvents = YES;
				INFOPLIST_KEY_UILaunchScreen_Generation = YES;
				INFOPLIST_KEY_UIStatusBarStyle = UIStatusBarStyleDarkContent;
				INFOPLIST_KEY_UISupportedInterfaceOrientations_iPad = "UIInterfaceOrientationPortrait UIInterfaceOrientationPortraitUpsideDown UIInterfaceOrientationLandscapeLeft UIInterfaceOrientationLandscapeRight";
				INFOPLIST_KEY_UISupportedInterfaceOrientations_iPhone = "UIInterfaceOrientationPortrait UIInterfaceOrientationLandscapeLeft UIInterfaceOrientationLandscapeRight";
				LD_RUNPATH_SEARCH_PATHS = (
					"$(inherited)",
					"@executable_path/Frameworks",
				);
				MARKETING_VERSION = 1.0;
				PRODUCT_BUNDLE_IDENTIFIER = "com.williamsantoso.Movie-App";
				PRODUCT_NAME = "$(TARGET_NAME)";
				SWIFT_EMIT_LOC_STRINGS = YES;
				SWIFT_VERSION = 5.0;
				TARGETED_DEVICE_FAMILY = "1,2";
			};
			name = Release;
		};
		7A10DBE12AB498A70022802E /* Debug */ = {
			isa = XCBuildConfiguration;
			buildSettings = {
				ALWAYS_EMBED_SWIFT_STANDARD_LIBRARIES = YES;
				BUNDLE_LOADER = "$(TEST_HOST)";
				CODE_SIGN_STYLE = Automatic;
				CURRENT_PROJECT_VERSION = 1;
				DEVELOPMENT_TEAM = 497N7524MA;
				GENERATE_INFOPLIST_FILE = YES;
				IPHONEOS_DEPLOYMENT_TARGET = 16.4;
				MARKETING_VERSION = 1.0;
				PRODUCT_BUNDLE_IDENTIFIER = "com.williamsantoso.Movie-AppTests";
				PRODUCT_NAME = "$(TARGET_NAME)";
				SWIFT_EMIT_LOC_STRINGS = NO;
				SWIFT_VERSION = 5.0;
				TARGETED_DEVICE_FAMILY = "1,2";
				TEST_HOST = "$(BUILT_PRODUCTS_DIR)/Movie-App.app/$(BUNDLE_EXECUTABLE_FOLDER_PATH)/Movie-App";
			};
			name = Debug;
		};
		7A10DBE22AB498A70022802E /* Release */ = {
			isa = XCBuildConfiguration;
			buildSettings = {
				ALWAYS_EMBED_SWIFT_STANDARD_LIBRARIES = YES;
				BUNDLE_LOADER = "$(TEST_HOST)";
				CODE_SIGN_STYLE = Automatic;
				CURRENT_PROJECT_VERSION = 1;
				DEVELOPMENT_TEAM = 497N7524MA;
				GENERATE_INFOPLIST_FILE = YES;
				IPHONEOS_DEPLOYMENT_TARGET = 16.4;
				MARKETING_VERSION = 1.0;
				PRODUCT_BUNDLE_IDENTIFIER = "com.williamsantoso.Movie-AppTests";
				PRODUCT_NAME = "$(TARGET_NAME)";
				SWIFT_EMIT_LOC_STRINGS = NO;
				SWIFT_VERSION = 5.0;
				TARGETED_DEVICE_FAMILY = "1,2";
				TEST_HOST = "$(BUILT_PRODUCTS_DIR)/Movie-App.app/$(BUNDLE_EXECUTABLE_FOLDER_PATH)/Movie-App";
			};
			name = Release;
		};
		7A10DBE42AB498A70022802E /* Debug */ = {
			isa = XCBuildConfiguration;
			buildSettings = {
				ALWAYS_EMBED_SWIFT_STANDARD_LIBRARIES = YES;
				CODE_SIGN_STYLE = Automatic;
				CURRENT_PROJECT_VERSION = 1;
				DEVELOPMENT_TEAM = 497N7524MA;
				GENERATE_INFOPLIST_FILE = YES;
				MARKETING_VERSION = 1.0;
				PRODUCT_BUNDLE_IDENTIFIER = "com.williamsantoso.Movie-AppUITests";
				PRODUCT_NAME = "$(TARGET_NAME)";
				SWIFT_EMIT_LOC_STRINGS = NO;
				SWIFT_VERSION = 5.0;
				TARGETED_DEVICE_FAMILY = "1,2";
				TEST_TARGET_NAME = "Movie-App";
			};
			name = Debug;
		};
		7A10DBE52AB498A70022802E /* Release */ = {
			isa = XCBuildConfiguration;
			buildSettings = {
				ALWAYS_EMBED_SWIFT_STANDARD_LIBRARIES = YES;
				CODE_SIGN_STYLE = Automatic;
				CURRENT_PROJECT_VERSION = 1;
				DEVELOPMENT_TEAM = 497N7524MA;
				GENERATE_INFOPLIST_FILE = YES;
				MARKETING_VERSION = 1.0;
				PRODUCT_BUNDLE_IDENTIFIER = "com.williamsantoso.Movie-AppUITests";
				PRODUCT_NAME = "$(TARGET_NAME)";
				SWIFT_EMIT_LOC_STRINGS = NO;
				SWIFT_VERSION = 5.0;
				TARGETED_DEVICE_FAMILY = "1,2";
				TEST_TARGET_NAME = "Movie-App";
			};
			name = Release;
		};
/* End XCBuildConfiguration section */

/* Begin XCConfigurationList section */
		7A10DBAF2AB498A50022802E /* Build configuration list for PBXProject "Movie-App" */ = {
			isa = XCConfigurationList;
			buildConfigurations = (
				7A10DBDB2AB498A70022802E /* Debug */,
				7A10DBDC2AB498A70022802E /* Release */,
			);
			defaultConfigurationIsVisible = 0;
			defaultConfigurationName = Release;
		};
		7A10DBDD2AB498A70022802E /* Build configuration list for PBXNativeTarget "Movie-App" */ = {
			isa = XCConfigurationList;
			buildConfigurations = (
				7A10DBDE2AB498A70022802E /* Debug */,
				7A10DBDF2AB498A70022802E /* Release */,
			);
			defaultConfigurationIsVisible = 0;
			defaultConfigurationName = Release;
		};
		7A10DBE02AB498A70022802E /* Build configuration list for PBXNativeTarget "Movie-AppTests" */ = {
			isa = XCConfigurationList;
			buildConfigurations = (
				7A10DBE12AB498A70022802E /* Debug */,
				7A10DBE22AB498A70022802E /* Release */,
			);
			defaultConfigurationIsVisible = 0;
			defaultConfigurationName = Release;
		};
		7A10DBE32AB498A70022802E /* Build configuration list for PBXNativeTarget "Movie-AppUITests" */ = {
			isa = XCConfigurationList;
			buildConfigurations = (
				7A10DBE42AB498A70022802E /* Debug */,
				7A10DBE52AB498A70022802E /* Release */,
			);
			defaultConfigurationIsVisible = 0;
			defaultConfigurationName = Release;
		};
/* End XCConfigurationList section */

/* Begin XCVersionGroup section */
		7A10DBC22AB498A70022802E /* Movie_App.xcdatamodeld */ = {
			isa = XCVersionGroup;
			children = (
				7A10DBC32AB498A70022802E /* Movie_App.xcdatamodel */,
			);
			currentVersion = 7A10DBC32AB498A70022802E /* Movie_App.xcdatamodel */;
			path = Movie_App.xcdatamodeld;
			sourceTree = "<group>";
			versionGroupType = wrapper.xcdatamodel;
		};
/* End XCVersionGroup section */
	};
	rootObject = 7A10DBAC2AB498A50022802E /* Project object */;
}
